
Microsoft Visual Studio Solution File, Format Version 12.00
# Visual Studio Version 16
VisualStudioVersion = 16.0.29609.76
MinimumVisualStudioVersion = 10.0.40219.1
Project("{FAE04EC0-301F-11D3-BF4B-00C04F79EFBC}") = "Snap.Net", "Snap.Net.csproj", "{A7F396F3-0AD5-4CD4-9F51-100CD3366141}"
EndProject
Project("{9A19103F-16F7-4668-BE54-9A1E7A4F7556}") = "Snap.Net.ControlClient", "Snap.Net.ControlClient\Snap.Net.ControlClient.csproj", "{1463B5B3-4301-4CB6-8C2A-902E27540E85}"
EndProject
Project("{FAE04EC0-301F-11D3-BF4B-00C04F79EFBC}") = "Snap.Net.Mobile.Android", "Mobile\Mobile.Android\Snap.Net.Mobile.Android.csproj", "{8CAA6EA2-A71E-4A46-BE0F-18B69DACAD56}"
EndProject
Project("{FAE04EC0-301F-11D3-BF4B-00C04F79EFBC}") = "Snap.Net.Mobile.iOS", "Mobile\Mobile.iOS\Snap.Net.Mobile.iOS.csproj", "{C7983E6E-9458-45DF-9009-6E7C6C475CBF}"
EndProject
Project("{9A19103F-16F7-4668-BE54-9A1E7A4F7556}") = "Snap.Net.Mobile", "Mobile\Mobile\Snap.Net.Mobile.csproj", "{949E17DB-7DDA-47FA-9E5C-2D2C2A9E4BA9}"
EndProject
Project("{9A19103F-16F7-4668-BE54-9A1E7A4F7556}") = "NAudio.Flac", "Snap.Net.SnapClient\NAudio.Flac\src\NAudio.Flac\NAudio.Flac.csproj", "{56F002D1-C6D2-45A2-8730-BAD5E9D1CF78}"
EndProject
Project("{9A19103F-16F7-4668-BE54-9A1E7A4F7556}") = "Snap.Net.SnapClient", "Snap.Net.SnapClient\Snap.Net.SnapClient.csproj", "{ACE89F24-6D09-4A67-BA89-EB899E6F0C67}"
EndProject
Project("{FAE04EC0-301F-11D3-BF4B-00C04F79EFBC}") = "SnapClient.Net", "SnapClient.Net\SnapClient.Net.csproj", "{EC69267F-932C-4F48-8E78-5745268F529B}"
EndProject
Project("{FAE04EC0-301F-11D3-BF4B-00C04F79EFBC}") = "Snap.Net.Broadcast", "Snap.Net.Broadcast\Snap.Net.Broadcast.csproj", "{CDF033F6-712C-4762-B28A-CD0A365E651D}"
EndProject
Global
	GlobalSection(SolutionConfigurationPlatforms) = preSolution
		Debug|Any CPU = Debug|Any CPU
		Debug|ARM = Debug|ARM
		Debug|iPhone = Debug|iPhone
		Debug|iPhoneSimulator = Debug|iPhoneSimulator
		Debug|x64 = Debug|x64
		Debug|x86 = Debug|x86
		Release|Any CPU = Release|Any CPU
		Release|ARM = Release|ARM
		Release|iPhone = Release|iPhone
		Release|iPhoneSimulator = Release|iPhoneSimulator
		Release|x64 = Release|x64
		Release|x86 = Release|x86
	EndGlobalSection
	GlobalSection(ProjectConfigurationPlatforms) = postSolution
		{A7F396F3-0AD5-4CD4-9F51-100CD3366141}.Debug|Any CPU.ActiveCfg = Debug|Any CPU
		{A7F396F3-0AD5-4CD4-9F51-100CD3366141}.Debug|Any CPU.Build.0 = Debug|Any CPU
		{A7F396F3-0AD5-4CD4-9F51-100CD3366141}.Debug|ARM.ActiveCfg = Debug|Any CPU
		{A7F396F3-0AD5-4CD4-9F51-100CD3366141}.Debug|ARM.Build.0 = Debug|Any CPU
		{A7F396F3-0AD5-4CD4-9F51-100CD3366141}.Debug|iPhone.ActiveCfg = Debug|Any CPU
		{A7F396F3-0AD5-4CD4-9F51-100CD3366141}.Debug|iPhone.Build.0 = Debug|Any CPU
		{A7F396F3-0AD5-4CD4-9F51-100CD3366141}.Debug|iPhoneSimulator.ActiveCfg = Debug|Any CPU
		{A7F396F3-0AD5-4CD4-9F51-100CD3366141}.Debug|iPhoneSimulator.Build.0 = Debug|Any CPU
		{A7F396F3-0AD5-4CD4-9F51-100CD3366141}.Debug|x64.ActiveCfg = Debug|Any CPU
		{A7F396F3-0AD5-4CD4-9F51-100CD3366141}.Debug|x64.Build.0 = Debug|Any CPU
		{A7F396F3-0AD5-4CD4-9F51-100CD3366141}.Debug|x86.ActiveCfg = Debug|Any CPU
		{A7F396F3-0AD5-4CD4-9F51-100CD3366141}.Debug|x86.Build.0 = Debug|Any CPU
		{A7F396F3-0AD5-4CD4-9F51-100CD3366141}.Release|Any CPU.ActiveCfg = Release|Any CPU
		{A7F396F3-0AD5-4CD4-9F51-100CD3366141}.Release|Any CPU.Build.0 = Release|Any CPU
		{A7F396F3-0AD5-4CD4-9F51-100CD3366141}.Release|ARM.ActiveCfg = Release|Any CPU
		{A7F396F3-0AD5-4CD4-9F51-100CD3366141}.Release|ARM.Build.0 = Release|Any CPU
		{A7F396F3-0AD5-4CD4-9F51-100CD3366141}.Release|iPhone.ActiveCfg = Release|Any CPU
		{A7F396F3-0AD5-4CD4-9F51-100CD3366141}.Release|iPhone.Build.0 = Release|Any CPU
		{A7F396F3-0AD5-4CD4-9F51-100CD3366141}.Release|iPhoneSimulator.ActiveCfg = Release|Any CPU
		{A7F396F3-0AD5-4CD4-9F51-100CD3366141}.Release|iPhoneSimulator.Build.0 = Release|Any CPU
		{A7F396F3-0AD5-4CD4-9F51-100CD3366141}.Release|x64.ActiveCfg = Release|Any CPU
		{A7F396F3-0AD5-4CD4-9F51-100CD3366141}.Release|x64.Build.0 = Release|Any CPU
		{A7F396F3-0AD5-4CD4-9F51-100CD3366141}.Release|x86.ActiveCfg = Release|Any CPU
		{A7F396F3-0AD5-4CD4-9F51-100CD3366141}.Release|x86.Build.0 = Release|Any CPU
		{1463B5B3-4301-4CB6-8C2A-902E27540E85}.Debug|Any CPU.ActiveCfg = Debug|Any CPU
		{1463B5B3-4301-4CB6-8C2A-902E27540E85}.Debug|Any CPU.Build.0 = Debug|Any CPU
		{1463B5B3-4301-4CB6-8C2A-902E27540E85}.Debug|ARM.ActiveCfg = Debug|Any CPU
		{1463B5B3-4301-4CB6-8C2A-902E27540E85}.Debug|ARM.Build.0 = Debug|Any CPU
		{1463B5B3-4301-4CB6-8C2A-902E27540E85}.Debug|iPhone.ActiveCfg = Debug|Any CPU
		{1463B5B3-4301-4CB6-8C2A-902E27540E85}.Debug|iPhone.Build.0 = Debug|Any CPU
		{1463B5B3-4301-4CB6-8C2A-902E27540E85}.Debug|iPhoneSimulator.ActiveCfg = Debug|Any CPU
		{1463B5B3-4301-4CB6-8C2A-902E27540E85}.Debug|iPhoneSimulator.Build.0 = Debug|Any CPU
		{1463B5B3-4301-4CB6-8C2A-902E27540E85}.Debug|x64.ActiveCfg = Debug|Any CPU
		{1463B5B3-4301-4CB6-8C2A-902E27540E85}.Debug|x64.Build.0 = Debug|Any CPU
		{1463B5B3-4301-4CB6-8C2A-902E27540E85}.Debug|x86.ActiveCfg = Debug|Any CPU
		{1463B5B3-4301-4CB6-8C2A-902E27540E85}.Debug|x86.Build.0 = Debug|Any CPU
		{1463B5B3-4301-4CB6-8C2A-902E27540E85}.Release|Any CPU.ActiveCfg = Release|Any CPU
		{1463B5B3-4301-4CB6-8C2A-902E27540E85}.Release|Any CPU.Build.0 = Release|Any CPU
		{1463B5B3-4301-4CB6-8C2A-902E27540E85}.Release|ARM.ActiveCfg = Release|Any CPU
		{1463B5B3-4301-4CB6-8C2A-902E27540E85}.Release|ARM.Build.0 = Release|Any CPU
		{1463B5B3-4301-4CB6-8C2A-902E27540E85}.Release|iPhone.ActiveCfg = Release|Any CPU
		{1463B5B3-4301-4CB6-8C2A-902E27540E85}.Release|iPhone.Build.0 = Release|Any CPU
		{1463B5B3-4301-4CB6-8C2A-902E27540E85}.Release|iPhoneSimulator.ActiveCfg = Release|Any CPU
		{1463B5B3-4301-4CB6-8C2A-902E27540E85}.Release|iPhoneSimulator.Build.0 = Release|Any CPU
		{1463B5B3-4301-4CB6-8C2A-902E27540E85}.Release|x64.ActiveCfg = Release|Any CPU
		{1463B5B3-4301-4CB6-8C2A-902E27540E85}.Release|x64.Build.0 = Release|Any CPU
		{1463B5B3-4301-4CB6-8C2A-902E27540E85}.Release|x86.ActiveCfg = Release|Any CPU
		{1463B5B3-4301-4CB6-8C2A-902E27540E85}.Release|x86.Build.0 = Release|Any CPU
		{8CAA6EA2-A71E-4A46-BE0F-18B69DACAD56}.Debug|Any CPU.ActiveCfg = Debug|Any CPU
		{8CAA6EA2-A71E-4A46-BE0F-18B69DACAD56}.Debug|Any CPU.Build.0 = Debug|Any CPU
		{8CAA6EA2-A71E-4A46-BE0F-18B69DACAD56}.Debug|Any CPU.Deploy.0 = Debug|Any CPU
		{8CAA6EA2-A71E-4A46-BE0F-18B69DACAD56}.Debug|ARM.ActiveCfg = Debug|Any CPU
		{8CAA6EA2-A71E-4A46-BE0F-18B69DACAD56}.Debug|ARM.Build.0 = Debug|Any CPU
		{8CAA6EA2-A71E-4A46-BE0F-18B69DACAD56}.Debug|ARM.Deploy.0 = Debug|Any CPU
		{8CAA6EA2-A71E-4A46-BE0F-18B69DACAD56}.Debug|iPhone.ActiveCfg = Debug|Any CPU
		{8CAA6EA2-A71E-4A46-BE0F-18B69DACAD56}.Debug|iPhone.Build.0 = Debug|Any CPU
		{8CAA6EA2-A71E-4A46-BE0F-18B69DACAD56}.Debug|iPhone.Deploy.0 = Debug|Any CPU
		{8CAA6EA2-A71E-4A46-BE0F-18B69DACAD56}.Debug|iPhoneSimulator.ActiveCfg = Debug|Any CPU
		{8CAA6EA2-A71E-4A46-BE0F-18B69DACAD56}.Debug|iPhoneSimulator.Build.0 = Debug|Any CPU
		{8CAA6EA2-A71E-4A46-BE0F-18B69DACAD56}.Debug|iPhoneSimulator.Deploy.0 = Debug|Any CPU
		{8CAA6EA2-A71E-4A46-BE0F-18B69DACAD56}.Debug|x64.ActiveCfg = Debug|Any CPU
		{8CAA6EA2-A71E-4A46-BE0F-18B69DACAD56}.Debug|x64.Build.0 = Debug|Any CPU
		{8CAA6EA2-A71E-4A46-BE0F-18B69DACAD56}.Debug|x64.Deploy.0 = Debug|Any CPU
		{8CAA6EA2-A71E-4A46-BE0F-18B69DACAD56}.Debug|x86.ActiveCfg = Debug|Any CPU
		{8CAA6EA2-A71E-4A46-BE0F-18B69DACAD56}.Debug|x86.Build.0 = Debug|Any CPU
		{8CAA6EA2-A71E-4A46-BE0F-18B69DACAD56}.Debug|x86.Deploy.0 = Debug|Any CPU
		{8CAA6EA2-A71E-4A46-BE0F-18B69DACAD56}.Release|Any CPU.ActiveCfg = Release|Any CPU
		{8CAA6EA2-A71E-4A46-BE0F-18B69DACAD56}.Release|Any CPU.Build.0 = Release|Any CPU
		{8CAA6EA2-A71E-4A46-BE0F-18B69DACAD56}.Release|Any CPU.Deploy.0 = Release|Any CPU
		{8CAA6EA2-A71E-4A46-BE0F-18B69DACAD56}.Release|ARM.ActiveCfg = Release|Any CPU
		{8CAA6EA2-A71E-4A46-BE0F-18B69DACAD56}.Release|ARM.Build.0 = Release|Any CPU
		{8CAA6EA2-A71E-4A46-BE0F-18B69DACAD56}.Release|ARM.Deploy.0 = Release|Any CPU
		{8CAA6EA2-A71E-4A46-BE0F-18B69DACAD56}.Release|iPhone.ActiveCfg = Release|Any CPU
		{8CAA6EA2-A71E-4A46-BE0F-18B69DACAD56}.Release|iPhone.Build.0 = Release|Any CPU
		{8CAA6EA2-A71E-4A46-BE0F-18B69DACAD56}.Release|iPhone.Deploy.0 = Release|Any CPU
		{8CAA6EA2-A71E-4A46-BE0F-18B69DACAD56}.Release|iPhoneSimulator.ActiveCfg = Release|Any CPU
		{8CAA6EA2-A71E-4A46-BE0F-18B69DACAD56}.Release|iPhoneSimulator.Build.0 = Release|Any CPU
		{8CAA6EA2-A71E-4A46-BE0F-18B69DACAD56}.Release|iPhoneSimulator.Deploy.0 = Release|Any CPU
		{8CAA6EA2-A71E-4A46-BE0F-18B69DACAD56}.Release|x64.ActiveCfg = Release|Any CPU
		{8CAA6EA2-A71E-4A46-BE0F-18B69DACAD56}.Release|x64.Build.0 = Release|Any CPU
		{8CAA6EA2-A71E-4A46-BE0F-18B69DACAD56}.Release|x64.Deploy.0 = Release|Any CPU
		{8CAA6EA2-A71E-4A46-BE0F-18B69DACAD56}.Release|x86.ActiveCfg = Release|Any CPU
		{8CAA6EA2-A71E-4A46-BE0F-18B69DACAD56}.Release|x86.Build.0 = Release|Any CPU
		{8CAA6EA2-A71E-4A46-BE0F-18B69DACAD56}.Release|x86.Deploy.0 = Release|Any CPU
		{C7983E6E-9458-45DF-9009-6E7C6C475CBF}.Debug|Any CPU.ActiveCfg = Debug|iPhone
		{C7983E6E-9458-45DF-9009-6E7C6C475CBF}.Debug|ARM.ActiveCfg = Debug|iPhone
		{C7983E6E-9458-45DF-9009-6E7C6C475CBF}.Debug|iPhone.ActiveCfg = Debug|iPhone
		{C7983E6E-9458-45DF-9009-6E7C6C475CBF}.Debug|iPhone.Build.0 = Debug|iPhone
		{C7983E6E-9458-45DF-9009-6E7C6C475CBF}.Debug|iPhoneSimulator.ActiveCfg = Debug|iPhoneSimulator
		{C7983E6E-9458-45DF-9009-6E7C6C475CBF}.Debug|iPhoneSimulator.Build.0 = Debug|iPhoneSimulator
		{C7983E6E-9458-45DF-9009-6E7C6C475CBF}.Debug|x64.ActiveCfg = Debug|iPhone
		{C7983E6E-9458-45DF-9009-6E7C6C475CBF}.Debug|x86.ActiveCfg = Debug|iPhone
		{C7983E6E-9458-45DF-9009-6E7C6C475CBF}.Release|Any CPU.ActiveCfg = Release|iPhone
		{C7983E6E-9458-45DF-9009-6E7C6C475CBF}.Release|ARM.ActiveCfg = Release|iPhone
		{C7983E6E-9458-45DF-9009-6E7C6C475CBF}.Release|iPhone.ActiveCfg = Release|iPhone
		{C7983E6E-9458-45DF-9009-6E7C6C475CBF}.Release|iPhone.Build.0 = Release|iPhone
		{C7983E6E-9458-45DF-9009-6E7C6C475CBF}.Release|iPhoneSimulator.ActiveCfg = Release|iPhoneSimulator
		{C7983E6E-9458-45DF-9009-6E7C6C475CBF}.Release|iPhoneSimulator.Build.0 = Release|iPhoneSimulator
		{C7983E6E-9458-45DF-9009-6E7C6C475CBF}.Release|x64.ActiveCfg = Release|iPhone
		{C7983E6E-9458-45DF-9009-6E7C6C475CBF}.Release|x86.ActiveCfg = Release|iPhone
		{949E17DB-7DDA-47FA-9E5C-2D2C2A9E4BA9}.Debug|Any CPU.ActiveCfg = Debug|Any CPU
		{949E17DB-7DDA-47FA-9E5C-2D2C2A9E4BA9}.Debug|Any CPU.Build.0 = Debug|Any CPU
		{949E17DB-7DDA-47FA-9E5C-2D2C2A9E4BA9}.Debug|ARM.ActiveCfg = Debug|Any CPU
		{949E17DB-7DDA-47FA-9E5C-2D2C2A9E4BA9}.Debug|ARM.Build.0 = Debug|Any CPU
		{949E17DB-7DDA-47FA-9E5C-2D2C2A9E4BA9}.Debug|iPhone.ActiveCfg = Debug|Any CPU
		{949E17DB-7DDA-47FA-9E5C-2D2C2A9E4BA9}.Debug|iPhone.Build.0 = Debug|Any CPU
		{949E17DB-7DDA-47FA-9E5C-2D2C2A9E4BA9}.Debug|iPhoneSimulator.ActiveCfg = Debug|Any CPU
		{949E17DB-7DDA-47FA-9E5C-2D2C2A9E4BA9}.Debug|iPhoneSimulator.Build.0 = Debug|Any CPU
		{949E17DB-7DDA-47FA-9E5C-2D2C2A9E4BA9}.Debug|x64.ActiveCfg = Debug|Any CPU
		{949E17DB-7DDA-47FA-9E5C-2D2C2A9E4BA9}.Debug|x64.Build.0 = Debug|Any CPU
		{949E17DB-7DDA-47FA-9E5C-2D2C2A9E4BA9}.Debug|x86.ActiveCfg = Debug|Any CPU
		{949E17DB-7DDA-47FA-9E5C-2D2C2A9E4BA9}.Debug|x86.Build.0 = Debug|Any CPU
		{949E17DB-7DDA-47FA-9E5C-2D2C2A9E4BA9}.Release|Any CPU.ActiveCfg = Release|Any CPU
		{949E17DB-7DDA-47FA-9E5C-2D2C2A9E4BA9}.Release|Any CPU.Build.0 = Release|Any CPU
		{949E17DB-7DDA-47FA-9E5C-2D2C2A9E4BA9}.Release|ARM.ActiveCfg = Release|Any CPU
		{949E17DB-7DDA-47FA-9E5C-2D2C2A9E4BA9}.Release|ARM.Build.0 = Release|Any CPU
		{949E17DB-7DDA-47FA-9E5C-2D2C2A9E4BA9}.Release|iPhone.ActiveCfg = Release|Any CPU
		{949E17DB-7DDA-47FA-9E5C-2D2C2A9E4BA9}.Release|iPhone.Build.0 = Release|Any CPU
		{949E17DB-7DDA-47FA-9E5C-2D2C2A9E4BA9}.Release|iPhoneSimulator.ActiveCfg = Release|Any CPU
		{949E17DB-7DDA-47FA-9E5C-2D2C2A9E4BA9}.Release|iPhoneSimulator.Build.0 = Release|Any CPU
		{949E17DB-7DDA-47FA-9E5C-2D2C2A9E4BA9}.Release|x64.ActiveCfg = Release|Any CPU
		{949E17DB-7DDA-47FA-9E5C-2D2C2A9E4BA9}.Release|x64.Build.0 = Release|Any CPU
		{949E17DB-7DDA-47FA-9E5C-2D2C2A9E4BA9}.Release|x86.ActiveCfg = Release|Any CPU
		{949E17DB-7DDA-47FA-9E5C-2D2C2A9E4BA9}.Release|x86.Build.0 = Release|Any CPU
		{56F002D1-C6D2-45A2-8730-BAD5E9D1CF78}.Debug|Any CPU.ActiveCfg = Debug|Any CPU
		{56F002D1-C6D2-45A2-8730-BAD5E9D1CF78}.Debug|Any CPU.Build.0 = Debug|Any CPU
		{56F002D1-C6D2-45A2-8730-BAD5E9D1CF78}.Debug|ARM.ActiveCfg = Debug|Any CPU
		{56F002D1-C6D2-45A2-8730-BAD5E9D1CF78}.Debug|ARM.Build.0 = Debug|Any CPU
		{56F002D1-C6D2-45A2-8730-BAD5E9D1CF78}.Debug|iPhone.ActiveCfg = Debug|Any CPU
		{56F002D1-C6D2-45A2-8730-BAD5E9D1CF78}.Debug|iPhone.Build.0 = Debug|Any CPU
		{56F002D1-C6D2-45A2-8730-BAD5E9D1CF78}.Debug|iPhoneSimulator.ActiveCfg = Debug|Any CPU
		{56F002D1-C6D2-45A2-8730-BAD5E9D1CF78}.Debug|iPhoneSimulator.Build.0 = Debug|Any CPU
		{56F002D1-C6D2-45A2-8730-BAD5E9D1CF78}.Debug|x64.ActiveCfg = Debug|Any CPU
		{56F002D1-C6D2-45A2-8730-BAD5E9D1CF78}.Debug|x64.Build.0 = Debug|Any CPU
		{56F002D1-C6D2-45A2-8730-BAD5E9D1CF78}.Debug|x86.ActiveCfg = Debug|Any CPU
		{56F002D1-C6D2-45A2-8730-BAD5E9D1CF78}.Debug|x86.Build.0 = Debug|Any CPU
		{56F002D1-C6D2-45A2-8730-BAD5E9D1CF78}.Release|Any CPU.ActiveCfg = Release|Any CPU
		{56F002D1-C6D2-45A2-8730-BAD5E9D1CF78}.Release|Any CPU.Build.0 = Release|Any CPU
		{56F002D1-C6D2-45A2-8730-BAD5E9D1CF78}.Release|ARM.ActiveCfg = Release|Any CPU
		{56F002D1-C6D2-45A2-8730-BAD5E9D1CF78}.Release|ARM.Build.0 = Release|Any CPU
		{56F002D1-C6D2-45A2-8730-BAD5E9D1CF78}.Release|iPhone.ActiveCfg = Release|Any CPU
		{56F002D1-C6D2-45A2-8730-BAD5E9D1CF78}.Release|iPhone.Build.0 = Release|Any CPU
		{56F002D1-C6D2-45A2-8730-BAD5E9D1CF78}.Release|iPhoneSimulator.ActiveCfg = Release|Any CPU
		{56F002D1-C6D2-45A2-8730-BAD5E9D1CF78}.Release|iPhoneSimulator.Build.0 = Release|Any CPU
		{56F002D1-C6D2-45A2-8730-BAD5E9D1CF78}.Release|x64.ActiveCfg = Release|Any CPU
		{56F002D1-C6D2-45A2-8730-BAD5E9D1CF78}.Release|x64.Build.0 = Release|Any CPU
		{56F002D1-C6D2-45A2-8730-BAD5E9D1CF78}.Release|x86.ActiveCfg = Release|Any CPU
		{56F002D1-C6D2-45A2-8730-BAD5E9D1CF78}.Release|x86.Build.0 = Release|Any CPU
		{ACE89F24-6D09-4A67-BA89-EB899E6F0C67}.Debug|Any CPU.ActiveCfg = Debug|Any CPU
		{ACE89F24-6D09-4A67-BA89-EB899E6F0C67}.Debug|Any CPU.Build.0 = Debug|Any CPU
		{ACE89F24-6D09-4A67-BA89-EB899E6F0C67}.Debug|ARM.ActiveCfg = Debug|Any CPU
		{ACE89F24-6D09-4A67-BA89-EB899E6F0C67}.Debug|ARM.Build.0 = Debug|Any CPU
		{ACE89F24-6D09-4A67-BA89-EB899E6F0C67}.Debug|iPhone.ActiveCfg = Debug|Any CPU
		{ACE89F24-6D09-4A67-BA89-EB899E6F0C67}.Debug|iPhone.Build.0 = Debug|Any CPU
		{ACE89F24-6D09-4A67-BA89-EB899E6F0C67}.Debug|iPhoneSimulator.ActiveCfg = Debug|Any CPU
		{ACE89F24-6D09-4A67-BA89-EB899E6F0C67}.Debug|iPhoneSimulator.Build.0 = Debug|Any CPU
		{ACE89F24-6D09-4A67-BA89-EB899E6F0C67}.Debug|x64.ActiveCfg = Debug|Any CPU
		{ACE89F24-6D09-4A67-BA89-EB899E6F0C67}.Debug|x64.Build.0 = Debug|Any CPU
		{ACE89F24-6D09-4A67-BA89-EB899E6F0C67}.Debug|x86.ActiveCfg = Debug|Any CPU
		{ACE89F24-6D09-4A67-BA89-EB899E6F0C67}.Debug|x86.Build.0 = Debug|Any CPU
		{ACE89F24-6D09-4A67-BA89-EB899E6F0C67}.Release|Any CPU.ActiveCfg = Release|Any CPU
		{ACE89F24-6D09-4A67-BA89-EB899E6F0C67}.Release|Any CPU.Build.0 = Release|Any CPU
		{ACE89F24-6D09-4A67-BA89-EB899E6F0C67}.Release|ARM.ActiveCfg = Release|Any CPU
		{ACE89F24-6D09-4A67-BA89-EB899E6F0C67}.Release|ARM.Build.0 = Release|Any CPU
		{ACE89F24-6D09-4A67-BA89-EB899E6F0C67}.Release|iPhone.ActiveCfg = Release|Any CPU
		{ACE89F24-6D09-4A67-BA89-EB899E6F0C67}.Release|iPhone.Build.0 = Release|Any CPU
		{ACE89F24-6D09-4A67-BA89-EB899E6F0C67}.Release|iPhoneSimulator.ActiveCfg = Release|Any CPU
		{ACE89F24-6D09-4A67-BA89-EB899E6F0C67}.Release|iPhoneSimulator.Build.0 = Release|Any CPU
		{ACE89F24-6D09-4A67-BA89-EB899E6F0C67}.Release|x64.ActiveCfg = Release|Any CPU
		{ACE89F24-6D09-4A67-BA89-EB899E6F0C67}.Release|x64.Build.0 = Release|Any CPU
		{ACE89F24-6D09-4A67-BA89-EB899E6F0C67}.Release|x86.ActiveCfg = Release|Any CPU
		{ACE89F24-6D09-4A67-BA89-EB899E6F0C67}.Release|x86.Build.0 = Release|Any CPU
		{EC69267F-932C-4F48-8E78-5745268F529B}.Debug|Any CPU.ActiveCfg = Debug|Any CPU
		{EC69267F-932C-4F48-8E78-5745268F529B}.Debug|Any CPU.Build.0 = Debug|Any CPU
		{EC69267F-932C-4F48-8E78-5745268F529B}.Debug|ARM.ActiveCfg = Debug|Any CPU
		{EC69267F-932C-4F48-8E78-5745268F529B}.Debug|ARM.Build.0 = Debug|Any CPU
		{EC69267F-932C-4F48-8E78-5745268F529B}.Debug|iPhone.ActiveCfg = Debug|Any CPU
		{EC69267F-932C-4F48-8E78-5745268F529B}.Debug|iPhone.Build.0 = Debug|Any CPU
		{EC69267F-932C-4F48-8E78-5745268F529B}.Debug|iPhoneSimulator.ActiveCfg = Debug|Any CPU
		{EC69267F-932C-4F48-8E78-5745268F529B}.Debug|iPhoneSimulator.Build.0 = Debug|Any CPU
		{EC69267F-932C-4F48-8E78-5745268F529B}.Debug|x64.ActiveCfg = Debug|Any CPU
		{EC69267F-932C-4F48-8E78-5745268F529B}.Debug|x64.Build.0 = Debug|Any CPU
		{EC69267F-932C-4F48-8E78-5745268F529B}.Debug|x86.ActiveCfg = Debug|Any CPU
		{EC69267F-932C-4F48-8E78-5745268F529B}.Debug|x86.Build.0 = Debug|Any CPU
		{EC69267F-932C-4F48-8E78-5745268F529B}.Release|Any CPU.ActiveCfg = Release|Any CPU
		{EC69267F-932C-4F48-8E78-5745268F529B}.Release|Any CPU.Build.0 = Release|Any CPU
		{EC69267F-932C-4F48-8E78-5745268F529B}.Release|ARM.ActiveCfg = Release|Any CPU
		{EC69267F-932C-4F48-8E78-5745268F529B}.Release|ARM.Build.0 = Release|Any CPU
		{EC69267F-932C-4F48-8E78-5745268F529B}.Release|iPhone.ActiveCfg = Release|Any CPU
		{EC69267F-932C-4F48-8E78-5745268F529B}.Release|iPhone.Build.0 = Release|Any CPU
		{EC69267F-932C-4F48-8E78-5745268F529B}.Release|iPhoneSimulator.ActiveCfg = Release|Any CPU
		{EC69267F-932C-4F48-8E78-5745268F529B}.Release|iPhoneSimulator.Build.0 = Release|Any CPU
		{EC69267F-932C-4F48-8E78-5745268F529B}.Release|x64.ActiveCfg = Release|Any CPU
		{EC69267F-932C-4F48-8E78-5745268F529B}.Release|x64.Build.0 = Release|Any CPU
		{EC69267F-932C-4F48-8E78-5745268F529B}.Release|x86.ActiveCfg = Release|Any CPU
		{EC69267F-932C-4F48-8E78-5745268F529B}.Release|x86.Build.0 = Release|Any CPU
		{CDF033F6-712C-4762-B28A-CD0A365E651D}.Debug|Any CPU.ActiveCfg = Debug|Any CPU
		{CDF033F6-712C-4762-B28A-CD0A365E651D}.Debug|Any CPU.Build.0 = Debug|Any CPU
		{CDF033F6-712C-4762-B28A-CD0A365E651D}.Debug|ARM.ActiveCfg = Debug|Any CPU
		{CDF033F6-712C-4762-B28A-CD0A365E651D}.Debug|ARM.Build.0 = Debug|Any CPU
		{CDF033F6-712C-4762-B28A-CD0A365E651D}.Debug|iPhone.ActiveCfg = Debug|Any CPU
		{CDF033F6-712C-4762-B28A-CD0A365E651D}.Debug|iPhone.Build.0 = Debug|Any CPU
		{CDF033F6-712C-4762-B28A-CD0A365E651D}.Debug|iPhoneSimulator.ActiveCfg = Debug|Any CPU
		{CDF033F6-712C-4762-B28A-CD0A365E651D}.Debug|iPhoneSimulator.Build.0 = Debug|Any CPU
		{CDF033F6-712C-4762-B28A-CD0A365E651D}.Debug|x64.ActiveCfg = Debug|Any CPU
		{CDF033F6-712C-4762-B28A-CD0A365E651D}.Debug|x64.Build.0 = Debug|Any CPU
		{CDF033F6-712C-4762-B28A-CD0A365E651D}.Debug|x86.ActiveCfg = Debug|Any CPU
		{CDF033F6-712C-4762-B28A-CD0A365E651D}.Debug|x86.Build.0 = Debug|Any CPU
		{CDF033F6-712C-4762-B28A-CD0A365E651D}.Release|Any CPU.ActiveCfg = Release|Any CPU
		{CDF033F6-712C-4762-B28A-CD0A365E651D}.Release|Any CPU.Build.0 = Release|Any CPU
		{CDF033F6-712C-4762-B28A-CD0A365E651D}.Release|ARM.ActiveCfg = Release|Any CPU
		{CDF033F6-712C-4762-B28A-CD0A365E651D}.Release|ARM.Build.0 = Release|Any CPU
		{CDF033F6-712C-4762-B28A-CD0A365E651D}.Release|iPhone.ActiveCfg = Release|Any CPU
		{CDF033F6-712C-4762-B28A-CD0A365E651D}.Release|iPhone.Build.0 = Release|Any CPU
		{CDF033F6-712C-4762-B28A-CD0A365E651D}.Release|iPhoneSimulator.ActiveCfg = Release|Any CPU
		{CDF033F6-712C-4762-B28A-CD0A365E651D}.Release|iPhoneSimulator.Build.0 = Release|Any CPU
		{CDF033F6-712C-4762-B28A-CD0A365E651D}.Release|x64.ActiveCfg = Release|Any CPU
		{CDF033F6-712C-4762-B28A-CD0A365E651D}.Release|x64.Build.0 = Release|Any CPU
		{CDF033F6-712C-4762-B28A-CD0A365E651D}.Release|x86.ActiveCfg = Release|Any CPU
		{CDF033F6-712C-4762-B28A-CD0A365E651D}.Release|x86.Build.0 = Release|Any CPU
	EndGlobalSection
	GlobalSection(SolutionProperties) = preSolution
		HideSolutionNode = FALSE
	EndGlobalSection
	GlobalSection(ExtensibilityGlobals) = postSolution
		SolutionGuid = {4596BA3D-C120-4F00-8706-250FB4C1452F}
	EndGlobalSection
EndGlobal
